NeoBundleLock vimproc 707fc62db79afde8d99a5dea543b829286ef26a2
NeoBundleLock vimfiler b26cef0de28ef73fb7309e4a1f7853918d46944f
NeoBundleLock neobundle.vim f566da7e840832159d45460146fcf63eb47dbaaf
NeoBundleLock neomru.vim 7df9999b841228661ff73909c5b9e34952331e22
NeoBundleLock lightline.vim 6f71e12b8530a89bdc9f949cb70589d5289df350
NeoBundleLock unite.vim 22e1307fb6664192d3a6f526291282b8368438ed
NeoBundleLock vim-autoclose a9a3b7384657bc1f60a963fd6c08c63fc48d61c3
