NeoBundleLock vimproc eb2bc419dcac5ebf2db99794195e558f4ce204f8
NeoBundleLock shaberu.vim 893328c7ac3dca7c0b69731aa37f677c36b4fefe
NeoBundleLock neobundle.vim b586735787525c8a2b1205cdc2d083fd649b732e
NeoBundleLock neomru.vim 7df9999b841228661ff73909c5b9e34952331e22
NeoBundleLock unite.vim cc046a21276b793111e7486ae3c3e19286105b4a
